
Microsoft Visual Studio Solution File, Format Version 12.00
# Visual Studio 2012
Project("{FAE04EC0-301F-11D3-BF4B-00C04F79EFBC}") = "AccidentalFish.Xamarin.DependencyInjection", "AccidentalFish.Xamarin.DependencyInjection\AccidentalFish.Xamarin.DependencyInjection.csproj", "{832499F8-F5BD-479F-9A40-A2E4BF56145E}"
EndProject
Project("{FAE04EC0-301F-11D3-BF4B-00C04F79EFBC}") = "AccidentalFish.Xamarin.DependencyInjection.Tests", "AccidentalFish.Xamarin.DependencyInjection.Tests\AccidentalFish.Xamarin.DependencyInjection.Tests.csproj", "{3A93AE9A-9C2F-4D71-ADC6-FDE2B2275781}"
EndProject
Global
	GlobalSection(SolutionConfigurationPlatforms) = preSolution
		Debug|Any CPU = Debug|Any CPU
		Release|Any CPU = Release|Any CPU
		Debug|iPhoneSimulator = Debug|iPhoneSimulator
		Release|iPhoneSimulator = Release|iPhoneSimulator
		Debug|iPhone = Debug|iPhone
		Release|iPhone = Release|iPhone
		Ad-Hoc|iPhone = Ad-Hoc|iPhone
		AppStore|iPhone = AppStore|iPhone
	EndGlobalSection
	GlobalSection(ProjectConfigurationPlatforms) = postSolution
		{3A93AE9A-9C2F-4D71-ADC6-FDE2B2275781}.Ad-Hoc|iPhone.ActiveCfg = Ad-Hoc|iPhone
		{3A93AE9A-9C2F-4D71-ADC6-FDE2B2275781}.Ad-Hoc|iPhone.Build.0 = Ad-Hoc|iPhone
		{3A93AE9A-9C2F-4D71-ADC6-FDE2B2275781}.AppStore|iPhone.ActiveCfg = AppStore|iPhone
		{3A93AE9A-9C2F-4D71-ADC6-FDE2B2275781}.AppStore|iPhone.Build.0 = AppStore|iPhone
		{3A93AE9A-9C2F-4D71-ADC6-FDE2B2275781}.Debug|Any CPU.ActiveCfg = Debug|iPhoneSimulator
		{3A93AE9A-9C2F-4D71-ADC6-FDE2B2275781}.Debug|Any CPU.Build.0 = Debug|iPhoneSimulator
		{3A93AE9A-9C2F-4D71-ADC6-FDE2B2275781}.Debug|iPhone.ActiveCfg = Debug|iPhone
		{3A93AE9A-9C2F-4D71-ADC6-FDE2B2275781}.Debug|iPhone.Build.0 = Debug|iPhone
		{3A93AE9A-9C2F-4D71-ADC6-FDE2B2275781}.Debug|iPhoneSimulator.ActiveCfg = Debug|iPhoneSimulator
		{3A93AE9A-9C2F-4D71-ADC6-FDE2B2275781}.Debug|iPhoneSimulator.Build.0 = Debug|iPhoneSimulator
		{3A93AE9A-9C2F-4D71-ADC6-FDE2B2275781}.Release|Any CPU.ActiveCfg = Release|iPhoneSimulator
		{3A93AE9A-9C2F-4D71-ADC6-FDE2B2275781}.Release|Any CPU.Build.0 = Release|iPhoneSimulator
		{3A93AE9A-9C2F-4D71-ADC6-FDE2B2275781}.Release|iPhone.ActiveCfg = Release|iPhone
		{3A93AE9A-9C2F-4D71-ADC6-FDE2B2275781}.Release|iPhone.Build.0 = Release|iPhone
		{3A93AE9A-9C2F-4D71-ADC6-FDE2B2275781}.Release|iPhoneSimulator.ActiveCfg = Release|iPhoneSimulator
		{3A93AE9A-9C2F-4D71-ADC6-FDE2B2275781}.Release|iPhoneSimulator.Build.0 = Release|iPhoneSimulator
		{832499F8-F5BD-479F-9A40-A2E4BF56145E}.Ad-Hoc|iPhone.ActiveCfg = Debug|Any CPU
		{832499F8-F5BD-479F-9A40-A2E4BF56145E}.Ad-Hoc|iPhone.Build.0 = Debug|Any CPU
		{832499F8-F5BD-479F-9A40-A2E4BF56145E}.AppStore|iPhone.ActiveCfg = Debug|Any CPU
		{832499F8-F5BD-479F-9A40-A2E4BF56145E}.AppStore|iPhone.Build.0 = Debug|Any CPU
		{832499F8-F5BD-479F-9A40-A2E4BF56145E}.Debug|Any CPU.ActiveCfg = Debug|Any CPU
		{832499F8-F5BD-479F-9A40-A2E4BF56145E}.Debug|Any CPU.Build.0 = Debug|Any CPU
		{832499F8-F5BD-479F-9A40-A2E4BF56145E}.Debug|iPhone.ActiveCfg = Debug|Any CPU
		{832499F8-F5BD-479F-9A40-A2E4BF56145E}.Debug|iPhone.Build.0 = Debug|Any CPU
		{832499F8-F5BD-479F-9A40-A2E4BF56145E}.Debug|iPhoneSimulator.ActiveCfg = Debug|Any CPU
		{832499F8-F5BD-479F-9A40-A2E4BF56145E}.Debug|iPhoneSimulator.Build.0 = Debug|Any CPU
		{832499F8-F5BD-479F-9A40-A2E4BF56145E}.Release|Any CPU.ActiveCfg = Release|Any CPU
		{832499F8-F5BD-479F-9A40-A2E4BF56145E}.Release|Any CPU.Build.0 = Release|Any CPU
		{832499F8-F5BD-479F-9A40-A2E4BF56145E}.Release|iPhone.ActiveCfg = Release|Any CPU
		{832499F8-F5BD-479F-9A40-A2E4BF56145E}.Release|iPhone.Build.0 = Release|Any CPU
		{832499F8-F5BD-479F-9A40-A2E4BF56145E}.Release|iPhoneSimulator.ActiveCfg = Release|Any CPU
		{832499F8-F5BD-479F-9A40-A2E4BF56145E}.Release|iPhoneSimulator.Build.0 = Release|Any CPU
	EndGlobalSection
	GlobalSection(MonoDevelopProperties) = preSolution
		StartupItem = AccidentalFish.Xamarin.DependencyInjection.Tests\AccidentalFish.Xamarin.DependencyInjection.Tests.csproj
		Policies = $0
		$0.DotNetNamingPolicy = $1
		$1.DirectoryNamespaceAssociation = Flat
		$1.ResourceNamePolicy = FileFormatDefault
	EndGlobalSection
	GlobalSection(SolutionProperties) = preSolution
		HideSolutionNode = FALSE
	EndGlobalSection
EndGlobal
